
Microsoft Visual Studio Solution File, Format Version 12.00
# Visual Studio Version 17
VisualStudioVersion = 17.13.35825.156 d17.13
MinimumVisualStudioVersion = 10.0.40219.1
Project("{FAE04EC0-301F-11D3-BF4B-00C04F79EFBC}") = "SGS", "SGS\SGS.csproj", "{FEEBE392-0F95-49D5-B407-9FBE0C9333FE}"
EndProject
Global
	GlobalSection(SolutionConfigurationPlatforms) = preSolution
		Debug|Any CPU = Debug|Any CPU
		Release|Any CPU = Release|Any CPU
	EndGlobalSection
	GlobalSection(ProjectConfigurationPlatforms) = postSolution
		{FEEBE392-0F95-49D5-B407-9FBE0C9333FE}.Debug|Any CPU.ActiveCfg = Debug|Any CPU
		{FEEBE392-0F95-49D5-B407-9FBE0C9333FE}.Debug|Any CPU.Build.0 = Debug|Any CPU
		{FEEBE392-0F95-49D5-B407-9FBE0C9333FE}.Release|Any CPU.ActiveCfg = Release|Any CPU
		{FEEBE392-0F95-49D5-B407-9FBE0C9333FE}.Release|Any CPU.Build.0 = Release|Any CPU
	EndGlobalSection
	GlobalSection(SolutionProperties) = preSolution
		HideSolutionNode = FALSE
	EndGlobalSection
	GlobalSection(ExtensibilityGlobals) = postSolution
		SolutionGuid = {E710E460-8227-4350-B7A8-046A7D72BB08}
	EndGlobalSection
EndGlobal
